
Microsoft Visual Studio Solution File, Format Version 12.00
# Visual Studio Version 16
VisualStudioVersion = 16.0.29519.87
MinimumVisualStudioVersion = 10.0.40219.1
Project("{2150E333-8FDC-42A3-9474-1A3956D46DE8}") = "src", "src", "{8E89D53A-DF15-4999-935F-FD31A3BB5F23}"
EndProject
Project("{FAE04EC0-301F-11D3-BF4B-00C04F79EFBC}") = "JobScheduler", "JobScheduler\JobScheduler.csproj", "{91D34647-967C-4E1E-B8B2-7B718F4F744D}"
EndProject
Global
	GlobalSection(SolutionConfigurationPlatforms) = preSolution
		Debug|Any CPU = Debug|Any CPU
		Release|Any CPU = Release|Any CPU
	EndGlobalSection
	GlobalSection(ProjectConfigurationPlatforms) = postSolution
		{91D34647-967C-4E1E-B8B2-7B718F4F744D}.Debug|Any CPU.ActiveCfg = Debug|Any CPU
		{91D34647-967C-4E1E-B8B2-7B718F4F744D}.Debug|Any CPU.Build.0 = Debug|Any CPU
		{91D34647-967C-4E1E-B8B2-7B718F4F744D}.Release|Any CPU.ActiveCfg = Release|Any CPU
		{91D34647-967C-4E1E-B8B2-7B718F4F744D}.Release|Any CPU.Build.0 = Release|Any CPU
	EndGlobalSection
	GlobalSection(SolutionProperties) = preSolution
		HideSolutionNode = FALSE
	EndGlobalSection
	GlobalSection(NestedProjects) = preSolution
		{91D34647-967C-4E1E-B8B2-7B718F4F744D} = {8E89D53A-DF15-4999-935F-FD31A3BB5F23}
	EndGlobalSection
	GlobalSection(ExtensibilityGlobals) = postSolution
		SolutionGuid = {65D1B23C-A884-49CA-A1E5-E3E42804E974}
	EndGlobalSection
EndGlobal
